<?xml version="1.0" encoding="utf-8"?>
<Project ToolsVersion="4.0" xmlns="http://schemas.microsoft.com/developer/msbuild/2003">
  <ItemGroup>
    <Filter Include="Исходные файлы">
      <UniqueIdentifier>{4FC737F1-C7A5-4376-A066-2A32D752A2FF}</UniqueIdentifier>
      <Extensions>cpp;c;cc;cxx;def;odl;idl;hpj;bat;asm;asmx</Extensions>
    </Filter>
    <Filter Include="Файлы заголовков">
      <UniqueIdentifier>{93995380-89BD-4b04-88EB-625FBE52EBFB}</UniqueIdentifier>
      <Extensions>h;hh;hpp;hxx;hm;inl;inc;ipp;xsd</Extensions>
    </Filter>
    <Filter Include="Файлы ресурсов">
      <UniqueIdentifier>{67DA6AB6-F800-4c08-8B7A-83BB121AAD01}</UniqueIdentifier>
      <Extensions>rc;ico;cur;bmp;dlg;rc2;rct;bin;rgs;gif;jpg;jpeg;jpe;resx;tiff;tif;png;wav;mfcribbon-ms</Extensions>
    </Filter>
    <Filter Include="Исходные файлы\Zlib">
      <UniqueIdentifier>{e95bbd7f-6aaa-455e-9ab6-2738971fc121}</UniqueIdentifier>
    </Filter>
    <Filter Include="Файлы заголовков\Zlib">
      <UniqueIdentifier>{b4923c05-57c3-456b-b17a-8d7448c584e8}</UniqueIdentifier>
    </Filter>
  </ItemGroup>
  <ItemGroup>
    <ClInclude Include="pch.h">
      <Filter>Файлы заголовков</Filter>
    </ClInclude>
    <ClInclude Include="Chips.h">
      <Filter>Файлы заголовков</Filter>
    </ClInclude>
    <ClInclude Include="Smps.h">
      <Filter>Файлы заголовков</Filter>
    </ClInclude>
    <ClInclude Include="Sn76489.h">
      <Filter>Файлы заголовков</Filter>
    </ClInclude>
    <ClInclude Include="Vgm.h">
      <Filter>Файлы заголовков</Filter>
    </ClInclude>
    <ClInclude Include="VgmParser.h">
      <Filter>Файлы заголовков</Filter>
    </ClInclude>
    <ClInclude Include="Ym2612.h">
      <Filter>Файлы заголовков</Filter>
    </ClInclude>
    <ClInclude Include="array_macro.h">
      <Filter>Файлы заголовков</Filter>
    </ClInclude>
    <ClInclude Include="main.h">
      <Filter>Файлы заголовков</Filter>
    </ClInclude>
    <ClInclude Include="Zlib\crc32.h">
      <Filter>Файлы заголовков\Zlib</Filter>
    </ClInclude>
    <ClInclude Include="Zlib\deflate.h">
      <Filter>Файлы заголовков\Zlib</Filter>
    </ClInclude>
    <ClInclude Include="Zlib\gzguts.h">
      <Filter>Файлы заголовков\Zlib</Filter>
    </ClInclude>
    <ClInclude Include="Zlib\inffast.h">
      <Filter>Файлы заголовков\Zlib</Filter>
    </ClInclude>
    <ClInclude Include="Zlib\inffixed.h">
      <Filter>Файлы заголовков\Zlib</Filter>
    </ClInclude>
    <ClInclude Include="Zlib\inflate.h">
      <Filter>Файлы заголовков\Zlib</Filter>
    </ClInclude>
    <ClInclude Include="Zlib\inftrees.h">
      <Filter>Файлы заголовков\Zlib</Filter>
    </ClInclude>
    <ClInclude Include="Zlib\trees.h">
      <Filter>Файлы заголовков\Zlib</Filter>
    </ClInclude>
    <ClInclude Include="Zlib\zconf.h">
      <Filter>Файлы заголовков\Zlib</Filter>
    </ClInclude>
    <ClInclude Include="Zlib\zlib.h">
      <Filter>Файлы заголовков\Zlib</Filter>
    </ClInclude>
    <ClInclude Include="Zlib\zutil.h">
      <Filter>Файлы заголовков\Zlib</Filter>
    </ClInclude>
  </ItemGroup>
  <ItemGroup>
    <ClCompile Include="main.c">
      <Filter>Исходные файлы</Filter>
    </ClCompile>
    <ClCompile Include="Smps.c">
      <Filter>Исходные файлы</Filter>
    </ClCompile>
    <ClCompile Include="Sn76489.c">
      <Filter>Исходные файлы</Filter>
    </ClCompile>
    <ClCompile Include="Vgm.c">
      <Filter>Исходные файлы</Filter>
    </ClCompile>
    <ClCompile Include="VgmParser.c">
      <Filter>Исходные файлы</Filter>
    </ClCompile>
    <ClCompile Include="Ym2612.c">
      <Filter>Исходные файлы</Filter>
    </ClCompile>
    <ClCompile Include="pch.c">
      <Filter>Исходные файлы</Filter>
    </ClCompile>
    <ClCompile Include="Zlib\adler32.c">
      <Filter>Исходные файлы\Zlib</Filter>
    </ClCompile>
    <ClCompile Include="Zlib\compress.c">
      <Filter>Исходные файлы\Zlib</Filter>
    </ClCompile>
    <ClCompile Include="Zlib\crc32.c">
      <Filter>Исходные файлы\Zlib</Filter>
    </ClCompile>
    <ClCompile Include="Zlib\deflate.c">
      <Filter>Исходные файлы\Zlib</Filter>
    </ClCompile>
    <ClCompile Include="Zlib\gzclose.c">
      <Filter>Исходные файлы\Zlib</Filter>
    </ClCompile>
    <ClCompile Include="Zlib\gzlib.c">
      <Filter>Исходные файлы\Zlib</Filter>
    </ClCompile>
    <ClCompile Include="Zlib\gzread.c">
      <Filter>Исходные файлы\Zlib</Filter>
    </ClCompile>
    <ClCompile Include="Zlib\gzwrite.c">
      <Filter>Исходные файлы\Zlib</Filter>
    </ClCompile>
    <ClCompile Include="Zlib\infback.c">
      <Filter>Исходные файлы\Zlib</Filter>
    </ClCompile>
    <ClCompile Include="Zlib\inffast.c">
      <Filter>Исходные файлы\Zlib</Filter>
    </ClCompile>
    <ClCompile Include="Zlib\inflate.c">
      <Filter>Исходные файлы\Zlib</Filter>
    </ClCompile>
    <ClCompile Include="Zlib\inftrees.c">
      <Filter>Исходные файлы\Zlib</Filter>
    </ClCompile>
    <ClCompile Include="Zlib\trees.c">
      <Filter>Исходные файлы\Zlib</Filter>
    </ClCompile>
    <ClCompile Include="Zlib\uncompr.c">
      <Filter>Исходные файлы\Zlib</Filter>
    </ClCompile>
    <ClCompile Include="Zlib\zutil.c">
      <Filter>Исходные файлы\Zlib</Filter>
    </ClCompile>
  </ItemGroup>
</Project>